
Microsoft Visual Studio Solution File, Format Version 11.00
# Visual Studio 2010
Project("{FAE04EC0-301F-11D3-BF4B-00C04F79EFBC}") = "DivineRightConcept", "DivineRightConcept\DivineRightConcept\DivineRightConcept.csproj", "{2F3ED79A-86C9-460D-8A41-F18BE984B3E8}"
EndProject
Project("{96E2B04D-8817-42C6-938A-82C39BA4D311}") = "DivineRightConceptContent", "DivineRightConcept\DivineRightConceptContent\DivineRightConceptContent.contentproj", "{CBBD5B93-1E1B-4AF3-B99B-C4689A0AA64E}"
EndProject
Global
	GlobalSection(SolutionConfigurationPlatforms) = preSolution
		Debug|x86 = Debug|x86
		Release|x86 = Release|x86
	EndGlobalSection
	GlobalSection(ProjectConfigurationPlatforms) = postSolution
		{2F3ED79A-86C9-460D-8A41-F18BE984B3E8}.Debug|x86.ActiveCfg = Debug|x86
		{2F3ED79A-86C9-460D-8A41-F18BE984B3E8}.Debug|x86.Build.0 = Debug|x86
		{2F3ED79A-86C9-460D-8A41-F18BE984B3E8}.Release|x86.ActiveCfg = Release|x86
		{2F3ED79A-86C9-460D-8A41-F18BE984B3E8}.Release|x86.Build.0 = Release|x86
		{CBBD5B93-1E1B-4AF3-B99B-C4689A0AA64E}.Debug|x86.ActiveCfg = Debug|x86
		{CBBD5B93-1E1B-4AF3-B99B-C4689A0AA64E}.Release|x86.ActiveCfg = Release|x86
	EndGlobalSection
	GlobalSection(SolutionProperties) = preSolution
		HideSolutionNode = FALSE
	EndGlobalSection
EndGlobal
